
Microsoft Visual Studio Solution File, Format Version 12.00
# Visual Studio Version 16
VisualStudioVersion = 16.0.31729.503
MinimumVisualStudioVersion = 10.0.40219.1
Project("{13B669BE-BB05-4DDF-9536-439F39A36129}") = "Xiippy.PHPPOSSDK.SampleApp", "Xiippy.PHPPOSSDK.SampleApp.phpproj", "{954D41C5-1BB3-4DB7-99BB-FF01B81457DB}"
EndProject
Global
	GlobalSection(SolutionConfigurationPlatforms) = preSolution
		Debug|Any CPU = Debug|Any CPU
		Release|Any CPU = Release|Any CPU
	EndGlobalSection
	GlobalSection(ProjectConfigurationPlatforms) = postSolution
		{954D41C5-1BB3-4DB7-99BB-FF01B81457DB}.Debug|Any CPU.ActiveCfg = Debug|Any CPU
		{954D41C5-1BB3-4DB7-99BB-FF01B81457DB}.Debug|Any CPU.Build.0 = Debug|Any CPU
		{954D41C5-1BB3-4DB7-99BB-FF01B81457DB}.Release|Any CPU.ActiveCfg = Release|Any CPU
		{954D41C5-1BB3-4DB7-99BB-FF01B81457DB}.Release|Any CPU.Build.0 = Release|Any CPU
	EndGlobalSection
	GlobalSection(SolutionProperties) = preSolution
		HideSolutionNode = FALSE
	EndGlobalSection
	GlobalSection(ExtensibilityGlobals) = postSolution
		SolutionGuid = {F7C57E87-2031-46C2-967C-9ADEEDF7E792}
	EndGlobalSection
EndGlobal
